{
  "name": "esm-import-directory",
  "version": "3.1.2",
  "lockfileVersion": 3,
  "requires": true,
  "packages": {
    "": {
      "name": "esm-import-directory",
      "version": "3.1.2",
      "license": "MIT",
      "dependencies": {
        "esm-require-directory": "*"
      },
      "devDependencies": {
        "@types/mocha": "*",
        "@types/node": "*",
        "lodash.size": "*",
        "pinkie-promise": "*"
      },
      "engines": {
        "node": ">=0.8"
      }
    },
    "node_modules/@types/mocha": {
      "version": "10.0.10",
      "resolved": "https://registry.npmjs.org/@types/mocha/-/mocha-10.0.10.tgz",
      "integrity": "sha512-xPyYSz1cMPnJQhl0CLMH68j3gprKZaTjG3s5Vi+fDgx+uhG9NOXwbVt52eFS8ECyXhyKcjDLCBEqBExKuiZb7Q==",
      "dev": true,
      "license": "MIT"
    },
    "node_modules/@types/node": {
      "version": "24.9.1",
      "resolved": "https://registry.npmjs.org/@types/node/-/node-24.9.1.tgz",
      "integrity": "sha512-QoiaXANRkSXK6p0Duvt56W208du4P9Uye9hWLWgGMDTEoKPhuenzNcC4vGUmrNkiOKTlIrBoyNQYNpSwfEZXSg==",
      "dev": true,
      "license": "MIT",
      "dependencies": {
        "undici-types": "~7.16.0"
      }
    },
    "node_modules/async-compat": {
      "version": "1.7.2",
      "resolved": "https://registry.npmjs.org/async-compat/-/async-compat-1.7.2.tgz",
      "integrity": "sha512-f4v8fJGWCxl0VPAqbZzBLv0WR9s9ZE8zPsvuxuH9vypu33UuxZfe7SGVzrU3Zu/AsjseRJ7yAXzTRbogVtfzYA==",
      "license": "MIT",
      "dependencies": {
        "is-error": "*",
        "is-promise": "*"
      },
      "engines": {
        "node": ">=0.8"
      }
    },
    "node_modules/esm-require-directory": {
      "version": "3.1.5",
      "resolved": "https://registry.npmjs.org/esm-require-directory/-/esm-require-directory-3.1.5.tgz",
      "integrity": "sha512-vQRY4KsvSXoqY/eZ15TRWnMKNYKAJGgeqeXRcK2/xO2j2bQi84Nbag9WkkNbgTJp/VVH+rKw8KfMlcb52lhtew==",
      "license": "MIT",
      "dependencies": {
        "fs-iterator": "*"
      },
      "engines": {
        "node": ">=0.8"
      }
    },
    "node_modules/fs-iterator": {
      "version": "6.1.4",
      "resolved": "https://registry.npmjs.org/fs-iterator/-/fs-iterator-6.1.4.tgz",
      "integrity": "sha512-r5u5TWSTH4ZsrTycB2Y5CUGwKZr2F4AvXCNpxZufFM4gpuxhSge2a6hh9OlW4XkWdq/3Mi4IObb1xG5BE/+4wA==",
      "license": "MIT",
      "dependencies": {
        "async-compat": "*",
        "fs.realpath": "*",
        "stack-base-iterator": "*"
      },
      "engines": {
        "node": ">=0.8"
      }
    },
    "node_modules/fs.realpath": {
      "version": "1.0.0",
      "resolved": "https://registry.npmjs.org/fs.realpath/-/fs.realpath-1.0.0.tgz",
      "integrity": "sha512-OO0pH2lK6a0hZnAdau5ItzHPI6pUlvI7jMVnxUQRtw4owF2wk8lOSabtGDCTP4Ggrg2MbGnWO9X8K1t4+fGMDw==",
      "license": "ISC"
    },
    "node_modules/is-error": {
      "version": "2.2.2",
      "resolved": "https://registry.npmjs.org/is-error/-/is-error-2.2.2.tgz",
      "integrity": "sha512-IOQqts/aHWbiisY5DuPJQ0gcbvaLFCa7fBa9xoLfxBZvQ+ZI/Zh9xoI7Gk+G64N0FdK4AbibytHht2tWgpJWLg==",
      "license": "MIT"
    },
    "node_modules/is-promise": {
      "version": "4.0.0",
      "resolved": "https://registry.npmjs.org/is-promise/-/is-promise-4.0.0.tgz",
      "integrity": "sha512-hvpoI6korhJMnej285dSg6nu1+e6uxs7zG3BYAm5byqDsgJNWwxzM6z6iZiAgQR4TJ30JmBTOwqZUw3WlyH3AQ==",
      "license": "MIT"
    },
    "node_modules/iterator-next-callback": {
      "version": "2.0.5",
      "resolved": "https://registry.npmjs.org/iterator-next-callback/-/iterator-next-callback-2.0.5.tgz",
      "integrity": "sha512-AYY+Nk+yz0ObXOD+YQq7M5eo/plC4aMY1nn4bHxAGpy39JD+S2j5RgNXGTsGnvqD0HttivWSZcznh95dUrQP+w==",
      "license": "MIT",
      "dependencies": {
        "is-promise": "*"
      },
      "engines": {
        "node": ">=0.8"
      }
    },
    "node_modules/lodash.size": {
      "version": "4.2.0",
      "resolved": "https://registry.npmjs.org/lodash.size/-/lodash.size-4.2.0.tgz",
      "integrity": "sha512-wbu3SF1XC5ijqm0piNxw59yCbuUf2kaShumYBLWUrcCvwh6C8odz6SY/wGVzCWTQTFL/1Ygbvqg2eLtspUVVAQ==",
      "dev": true,
      "license": "MIT"
    },
    "node_modules/maximize-iterator": {
      "version": "4.0.7",
      "resolved": "https://registry.npmjs.org/maximize-iterator/-/maximize-iterator-4.0.7.tgz",
      "integrity": "sha512-FBMZXnaRkNk3cs4ePyCsLYgy8L1E7vmkikGXTFzNVkd92s/dOWQtMYSfXpnAKSJl2P0xFV2xFcIJHx/970CmQw==",
      "license": "MIT",
      "dependencies": {
        "async-compat": "*",
        "iterator-next-callback": "*"
      },
      "engines": {
        "node": ">=0.8"
      }
    },
    "node_modules/pinkie": {
      "version": "2.0.4",
      "resolved": "https://registry.npmjs.org/pinkie/-/pinkie-2.0.4.tgz",
      "integrity": "sha512-MnUuEycAemtSaeFSjXKW/aroV7akBbY+Sv+RkyqFjgAe73F+MR0TBWKBRDkmfWq/HiFmdavfZ1G7h4SPZXaCSg==",
      "license": "MIT",
      "engines": {
        "node": ">=0.10.0"
      }
    },
    "node_modules/pinkie-promise": {
      "version": "2.0.1",
      "resolved": "https://registry.npmjs.org/pinkie-promise/-/pinkie-promise-2.0.1.tgz",
      "integrity": "sha512-0Gni6D4UcLTbv9c57DfxDGdr41XfgUjqWZu492f0cIGr16zDU06BWP/RAEvOuo7CQ0CNjHaLlM59YJJFm3NWlw==",
      "license": "MIT",
      "dependencies": {
        "pinkie": "^2.0.0"
      },
      "engines": {
        "node": ">=0.10.0"
      }
    },
    "node_modules/stack-base-iterator": {
      "version": "2.1.5",
      "resolved": "https://registry.npmjs.org/stack-base-iterator/-/stack-base-iterator-2.1.5.tgz",
      "integrity": "sha512-O7b+9+FGYHJ0/ET76M40x/Vv54WtXqAEd2EjKN8DYJX29959tAoTWJgIOKaQ/TIgzPNvLW9v9bMcFru0Ru5eHQ==",
      "license": "MIT",
      "dependencies": {
        "async-compat": "*",
        "iterator-next-callback": "*",
        "maximize-iterator": "*",
        "pinkie-promise": "*"
      },
      "engines": {
        "node": ">=0.8"
      }
    },
    "node_modules/undici-types": {
      "version": "7.16.0",
      "resolved": "https://registry.npmjs.org/undici-types/-/undici-types-7.16.0.tgz",
      "integrity": "sha512-Zz+aZWSj8LE6zoxD+xrjh4VfkIG8Ya6LvYkZqtUQGJPZjYl53ypCaUwWqo7eI0x66KBGeRo+mlBEkMSeSZ38Nw==",
      "dev": true,
      "license": "MIT"
    }
  }
}
