{
  "name": "esm-import-directory",
  "version": "3.1.1",
  "lockfileVersion": 3,
  "requires": true,
  "packages": {
    "": {
      "name": "esm-import-directory",
      "version": "3.1.1",
      "license": "MIT",
      "dependencies": {
        "esm-require-directory": "*"
      },
      "devDependencies": {
        "@types/mocha": "*",
        "@types/node": "*",
        "lodash.size": "*",
        "pinkie-promise": "*"
      },
      "engines": {
        "node": ">=0.8"
      }
    },
    "node_modules/@types/mocha": {
      "version": "10.0.10",
      "resolved": "https://registry.npmjs.org/@types/mocha/-/mocha-10.0.10.tgz",
      "integrity": "sha512-xPyYSz1cMPnJQhl0CLMH68j3gprKZaTjG3s5Vi+fDgx+uhG9NOXwbVt52eFS8ECyXhyKcjDLCBEqBExKuiZb7Q==",
      "dev": true,
      "license": "MIT"
    },
    "node_modules/@types/node": {
      "version": "24.9.1",
      "resolved": "https://registry.npmjs.org/@types/node/-/node-24.9.1.tgz",
      "integrity": "sha512-QoiaXANRkSXK6p0Duvt56W208du4P9Uye9hWLWgGMDTEoKPhuenzNcC4vGUmrNkiOKTlIrBoyNQYNpSwfEZXSg==",
      "dev": true,
      "license": "MIT",
      "dependencies": {
        "undici-types": "~7.16.0"
      }
    },
    "node_modules/async-compat": {
      "version": "1.7.1",
      "resolved": "https://registry.npmjs.org/async-compat/-/async-compat-1.7.1.tgz",
      "integrity": "sha512-h+5rmYWLLqjGwJjlPeUoWpjcNljmUUvhKEL+Vv2Hwi3ZVfRTZmZsRFT+y68rGlE3xxhELXt4ZgPc81G1u4qpjA==",
      "license": "MIT",
      "dependencies": {
        "is-error": "*",
        "is-promise": "*"
      },
      "engines": {
        "node": ">=0.8"
      }
    },
    "node_modules/esm-require-directory": {
      "version": "3.1.4",
      "resolved": "https://registry.npmjs.org/esm-require-directory/-/esm-require-directory-3.1.4.tgz",
      "integrity": "sha512-lvuqpdER/C+gVRAyG74oCqWf9RR7ZGsI4231Z6oi1/Q10S1cvmjA6O8kqOu+kkajpsApt7fYpje8BEKfVaHHDg==",
      "license": "MIT",
      "dependencies": {
        "fs-iterator": "*"
      },
      "engines": {
        "node": ">=0.8"
      }
    },
    "node_modules/fs-iterator": {
      "version": "6.1.3",
      "resolved": "https://registry.npmjs.org/fs-iterator/-/fs-iterator-6.1.3.tgz",
      "integrity": "sha512-Xv1xPG3VmPEa2VoLflWf1SdtJLcPC5aSFjqKlf+wU1b20ZYjicMMh3aVn4kJMstGBuq7g5KXDv1h4i9qGfPXRA==",
      "license": "MIT",
      "dependencies": {
        "async-compat": "*",
        "fs.realpath": "*",
        "stack-base-iterator": "*"
      },
      "engines": {
        "node": ">=0.8"
      }
    },
    "node_modules/fs.realpath": {
      "version": "1.0.0",
      "resolved": "https://registry.npmjs.org/fs.realpath/-/fs.realpath-1.0.0.tgz",
      "integrity": "sha512-OO0pH2lK6a0hZnAdau5ItzHPI6pUlvI7jMVnxUQRtw4owF2wk8lOSabtGDCTP4Ggrg2MbGnWO9X8K1t4+fGMDw==",
      "license": "ISC"
    },
    "node_modules/is-error": {
      "version": "2.2.2",
      "resolved": "https://registry.npmjs.org/is-error/-/is-error-2.2.2.tgz",
      "integrity": "sha512-IOQqts/aHWbiisY5DuPJQ0gcbvaLFCa7fBa9xoLfxBZvQ+ZI/Zh9xoI7Gk+G64N0FdK4AbibytHht2tWgpJWLg==",
      "license": "MIT"
    },
    "node_modules/is-promise": {
      "version": "4.0.0",
      "resolved": "https://registry.npmjs.org/is-promise/-/is-promise-4.0.0.tgz",
      "integrity": "sha512-hvpoI6korhJMnej285dSg6nu1+e6uxs7zG3BYAm5byqDsgJNWwxzM6z6iZiAgQR4TJ30JmBTOwqZUw3WlyH3AQ==",
      "license": "MIT"
    },
    "node_modules/iterator-next-callback": {
      "version": "2.0.4",
      "resolved": "https://registry.npmjs.org/iterator-next-callback/-/iterator-next-callback-2.0.4.tgz",
      "integrity": "sha512-gDOLYzGHESUMAMTapGp0itbT6+eyaeHnRydpuh3j0bibtQc+8EVK80CE46tHxUq5jl8vFS7pnQ9NVTa0kxN3nA==",
      "license": "MIT",
      "dependencies": {
        "is-promise": "*"
      },
      "engines": {
        "node": ">=0.8"
      }
    },
    "node_modules/lodash.size": {
      "version": "4.2.0",
      "resolved": "https://registry.npmjs.org/lodash.size/-/lodash.size-4.2.0.tgz",
      "integrity": "sha512-wbu3SF1XC5ijqm0piNxw59yCbuUf2kaShumYBLWUrcCvwh6C8odz6SY/wGVzCWTQTFL/1Ygbvqg2eLtspUVVAQ==",
      "dev": true,
      "license": "MIT"
    },
    "node_modules/maximize-iterator": {
      "version": "4.0.6",
      "resolved": "https://registry.npmjs.org/maximize-iterator/-/maximize-iterator-4.0.6.tgz",
      "integrity": "sha512-q2IpesALdmlxd3y8jGHy5rl3nQR8Aw28jT6kMArm5LkFuEpURTPyNCjPNcFuYqzs2sGbq2+mOJEajmEUJoyKKg==",
      "license": "MIT",
      "dependencies": {
        "async-compat": "*",
        "iterator-next-callback": "*"
      },
      "engines": {
        "node": ">=0.8"
      }
    },
    "node_modules/pinkie": {
      "version": "2.0.4",
      "resolved": "https://registry.npmjs.org/pinkie/-/pinkie-2.0.4.tgz",
      "integrity": "sha512-MnUuEycAemtSaeFSjXKW/aroV7akBbY+Sv+RkyqFjgAe73F+MR0TBWKBRDkmfWq/HiFmdavfZ1G7h4SPZXaCSg==",
      "license": "MIT",
      "engines": {
        "node": ">=0.10.0"
      }
    },
    "node_modules/pinkie-promise": {
      "version": "2.0.1",
      "resolved": "https://registry.npmjs.org/pinkie-promise/-/pinkie-promise-2.0.1.tgz",
      "integrity": "sha512-0Gni6D4UcLTbv9c57DfxDGdr41XfgUjqWZu492f0cIGr16zDU06BWP/RAEvOuo7CQ0CNjHaLlM59YJJFm3NWlw==",
      "license": "MIT",
      "dependencies": {
        "pinkie": "^2.0.0"
      },
      "engines": {
        "node": ">=0.10.0"
      }
    },
    "node_modules/stack-base-iterator": {
      "version": "2.1.4",
      "resolved": "https://registry.npmjs.org/stack-base-iterator/-/stack-base-iterator-2.1.4.tgz",
      "integrity": "sha512-xKUfhaFqeMMq5NulGvBj+Rw2StMG11iYfcS8YMPQCp1OX1kvnowu229OEn5u68j5tKi3C87j0RhTdg/9AO49Sg==",
      "license": "MIT",
      "dependencies": {
        "async-compat": "*",
        "iterator-next-callback": "*",
        "maximize-iterator": "*",
        "pinkie-promise": "*"
      },
      "engines": {
        "node": ">=0.8"
      }
    },
    "node_modules/undici-types": {
      "version": "7.16.0",
      "resolved": "https://registry.npmjs.org/undici-types/-/undici-types-7.16.0.tgz",
      "integrity": "sha512-Zz+aZWSj8LE6zoxD+xrjh4VfkIG8Ya6LvYkZqtUQGJPZjYl53ypCaUwWqo7eI0x66KBGeRo+mlBEkMSeSZ38Nw==",
      "dev": true,
      "license": "MIT"
    }
  }
}
