{
  "name": "esm-import-directory",
  "version": "3.0.29",
  "lockfileVersion": 3,
  "requires": true,
  "packages": {
    "": {
      "name": "esm-import-directory",
      "version": "3.0.29",
      "license": "MIT",
      "dependencies": {
        "esm-require-directory": "^3.0.26"
      },
      "devDependencies": {
        "@types/mocha": "*",
        "@types/node": "*",
        "lodash.size": "*",
        "pinkie-promise": "*"
      },
      "engines": {
        "node": ">=0.8"
      }
    },
    "node_modules/@types/mocha": {
      "version": "10.0.10",
      "resolved": "https://registry.npmjs.org/@types/mocha/-/mocha-10.0.10.tgz",
      "integrity": "sha512-xPyYSz1cMPnJQhl0CLMH68j3gprKZaTjG3s5Vi+fDgx+uhG9NOXwbVt52eFS8ECyXhyKcjDLCBEqBExKuiZb7Q==",
      "dev": true,
      "license": "MIT"
    },
    "node_modules/@types/node": {
      "version": "22.15.19",
      "resolved": "https://registry.npmjs.org/@types/node/-/node-22.15.19.tgz",
      "integrity": "sha512-3vMNr4TzNQyjHcRZadojpRaD9Ofr6LsonZAoQ+HMUa/9ORTPoxVIw0e0mpqWpdjj8xybyCM+oKOUH2vwFu/oEw==",
      "dev": true,
      "license": "MIT",
      "dependencies": {
        "undici-types": "~6.21.0"
      }
    },
    "node_modules/asap": {
      "version": "2.0.6",
      "resolved": "https://registry.npmjs.org/asap/-/asap-2.0.6.tgz",
      "integrity": "sha512-BSHWgDSAiKs50o2Re8ppvp3seVHXSRM44cdSsT9FfNEUUZLOGWVCsiWaRPWM1Znn+mqZ1OfVZ3z3DWEzSp7hRA==",
      "license": "MIT"
    },
    "node_modules/async-compat": {
      "version": "1.6.10",
      "resolved": "https://registry.npmjs.org/async-compat/-/async-compat-1.6.10.tgz",
      "integrity": "sha512-85Zm+9dPSBAfa9kwh93pSN6ESrMj66pbaZBImaTD2hdHMK21q12GjZD8MWZ/javrhckmRpTkf75xl8mNsHt8qQ==",
      "license": "MIT",
      "dependencies": {
        "is-error": "^2.2.2",
        "is-promise": "^4.0.0"
      },
      "engines": {
        "node": ">=0.8"
      }
    },
    "node_modules/call-once-fn": {
      "version": "1.0.17",
      "resolved": "https://registry.npmjs.org/call-once-fn/-/call-once-fn-1.0.17.tgz",
      "integrity": "sha512-aSu6eFg1N+L81d6RFbzfQ6I9AZVwxx5aK+4CpEtMtNEG+DOefqA+qmph0GAuBHVpBayK7IKhXzB2dLIa2D8CiA==",
      "license": "MIT",
      "engines": {
        "node": ">=0.8"
      }
    },
    "node_modules/esm-require-directory": {
      "version": "3.0.26",
      "resolved": "https://registry.npmjs.org/esm-require-directory/-/esm-require-directory-3.0.26.tgz",
      "integrity": "sha512-F/PHGdw1+NctpO7IDgKPK1QvxsXe1sqe3JwVgX1bpLpKa5Z6szWBVrK9RB5gb93YoShixpg0CsPlg2MdsAGSIw==",
      "license": "MIT",
      "dependencies": {
        "fs-iterator": "^5.3.8"
      },
      "engines": {
        "node": ">=0.8"
      }
    },
    "node_modules/fifo": {
      "version": "2.4.1",
      "resolved": "https://registry.npmjs.org/fifo/-/fifo-2.4.1.tgz",
      "integrity": "sha512-XTbUCNmo54Jav0hcL6VxDuY4x1eCQH61HEF80C2Oww283pfjQ2C8avZeyq4v43sW2S2403kmzssE9j4lbF66Sg==",
      "license": "MIT"
    },
    "node_modules/fs-iterator": {
      "version": "5.3.8",
      "resolved": "https://registry.npmjs.org/fs-iterator/-/fs-iterator-5.3.8.tgz",
      "integrity": "sha512-RQPZb9EB9CTVdeVmWUPqYONYwiufE5VxJ3+mWaGV6sTDpEufKt+HunwLfj2X95YwQRW855tkx7F1qddWp2V3HQ==",
      "license": "MIT",
      "dependencies": {
        "async-compat": "^1.6.10",
        "fifo": "^2.4.1",
        "fs.realpath": "^1.0.0",
        "stack-base-iterator": "^1.2.9"
      },
      "engines": {
        "node": ">=0.8"
      }
    },
    "node_modules/fs.realpath": {
      "version": "1.0.0",
      "resolved": "https://registry.npmjs.org/fs.realpath/-/fs.realpath-1.0.0.tgz",
      "integrity": "sha512-OO0pH2lK6a0hZnAdau5ItzHPI6pUlvI7jMVnxUQRtw4owF2wk8lOSabtGDCTP4Ggrg2MbGnWO9X8K1t4+fGMDw==",
      "license": "ISC"
    },
    "node_modules/is-error": {
      "version": "2.2.2",
      "resolved": "https://registry.npmjs.org/is-error/-/is-error-2.2.2.tgz",
      "integrity": "sha512-IOQqts/aHWbiisY5DuPJQ0gcbvaLFCa7fBa9xoLfxBZvQ+ZI/Zh9xoI7Gk+G64N0FdK4AbibytHht2tWgpJWLg==",
      "license": "MIT"
    },
    "node_modules/is-promise": {
      "version": "4.0.0",
      "resolved": "https://registry.npmjs.org/is-promise/-/is-promise-4.0.0.tgz",
      "integrity": "sha512-hvpoI6korhJMnej285dSg6nu1+e6uxs7zG3BYAm5byqDsgJNWwxzM6z6iZiAgQR4TJ30JmBTOwqZUw3WlyH3AQ==",
      "license": "MIT"
    },
    "node_modules/lodash.size": {
      "version": "4.2.0",
      "resolved": "https://registry.npmjs.org/lodash.size/-/lodash.size-4.2.0.tgz",
      "integrity": "sha512-wbu3SF1XC5ijqm0piNxw59yCbuUf2kaShumYBLWUrcCvwh6C8odz6SY/wGVzCWTQTFL/1Ygbvqg2eLtspUVVAQ==",
      "dev": true,
      "license": "MIT"
    },
    "node_modules/pinkie": {
      "version": "2.0.4",
      "resolved": "https://registry.npmjs.org/pinkie/-/pinkie-2.0.4.tgz",
      "integrity": "sha512-MnUuEycAemtSaeFSjXKW/aroV7akBbY+Sv+RkyqFjgAe73F+MR0TBWKBRDkmfWq/HiFmdavfZ1G7h4SPZXaCSg==",
      "dev": true,
      "license": "MIT",
      "engines": {
        "node": ">=0.10.0"
      }
    },
    "node_modules/pinkie-promise": {
      "version": "2.0.1",
      "resolved": "https://registry.npmjs.org/pinkie-promise/-/pinkie-promise-2.0.1.tgz",
      "integrity": "sha512-0Gni6D4UcLTbv9c57DfxDGdr41XfgUjqWZu492f0cIGr16zDU06BWP/RAEvOuo7CQ0CNjHaLlM59YJJFm3NWlw==",
      "dev": true,
      "license": "MIT",
      "dependencies": {
        "pinkie": "^2.0.0"
      },
      "engines": {
        "node": ">=0.10.0"
      }
    },
    "node_modules/stack-base-iterator": {
      "version": "1.2.9",
      "resolved": "https://registry.npmjs.org/stack-base-iterator/-/stack-base-iterator-1.2.9.tgz",
      "integrity": "sha512-Ulm5V+iVAhIR1s/MBiqEwLLlupsFFCW/EtupO06iV49G7mcr//4nPY77zEh5lD4R1ILV4XnDYdKWlvMSO37v0A==",
      "license": "MIT",
      "dependencies": {
        "asap": "^2.0.6",
        "async-compat": "^1.6.10",
        "call-once-fn": "^1.0.17",
        "fifo": "^2.4.1"
      },
      "engines": {
        "node": ">=0.8"
      }
    },
    "node_modules/undici-types": {
      "version": "6.21.0",
      "resolved": "https://registry.npmjs.org/undici-types/-/undici-types-6.21.0.tgz",
      "integrity": "sha512-iwDZqg0QAGrg9Rav5H4n0M64c3mkR59cJ6wQp+7C4nI0gsmExaedaYLNO44eT4AtBBwjbTiGPMlt2Md0T9H9JQ==",
      "dev": true,
      "license": "MIT"
    }
  }
}
